// !$*UTF8*$!
{
	archiveVersion = 1;
	classes = {
	};
	objectVersion = 46;
	objects = {

/* Begin PBXBuildFile section */
		B319B21C188F53BC005F4D41 /* Foundation.framework in Frameworks */ = {isa = PBXBuildFile; fileRef = B319B21B188F53BC005F4D41 /* Foundation.framework */; };
		B319B21E188F53BC005F4D41 /* CoreGraphics.framework in Frameworks */ = {isa = PBXBuildFile; fileRef = B319B21D188F53BC005F4D41 /* CoreGraphics.framework */; };
		B319B220188F53BC005F4D41 /* UIKit.framework in Frameworks */ = {isa = PBXBuildFile; fileRef = B319B21F188F53BC005F4D41 /* UIKit.framework */; };
		B319B226188F53BC005F4D41 /* InfoPlist.strings in Resources */ = {isa = PBXBuildFile; fileRef = B319B224188F53BC005F4D41 /* InfoPlist.strings */; };
		B319B228188F53BC005F4D41 /* main.m in Sources */ = {isa = PBXBuildFile; fileRef = B319B227188F53BC005F4D41 /* main.m */; };
		B319B22C188F53BC005F4D41 /* AppDelegate.m in Sources */ = {isa = PBXBuildFile; fileRef = B319B22B188F53BC005F4D41 /* AppDelegate.m */; };
		B319B22F188F53BC005F4D41 /* Main.storyboard in Resources */ = {isa = PBXBuildFile; fileRef = B319B22D188F53BC005F4D41 /* Main.storyboard */; };
		B319B232188F53BC005F4D41 /* ViewController.m in Sources */ = {isa = PBXBuildFile; fileRef = B319B231188F53BC005F4D41 /* ViewController.m */; };
		B319B234188F53BC005F4D41 /* Images.xcassets in Resources */ = {isa = PBXBuildFile; fileRef = B319B233188F53BC005F4D41 /* Images.xcassets */; };
		B319B23B188F53BC005F4D41 /* XCTest.framework in Frameworks */ = {isa = PBXBuildFile; fileRef = B319B23A188F53BC005F4D41 /* XCTest.framework */; };
		B319B23C188F53BC005F4D41 /* Foundation.framework in Frameworks */ = {isa = PBXBuildFile; fileRef = B319B21B188F53BC005F4D41 /* Foundation.framework */; };
		B319B23D188F53BC005F4D41 /* UIKit.framework in Frameworks */ = {isa = PBXBuildFile; fileRef = B319B21F188F53BC005F4D41 /* UIKit.framework */; };
		B319B245188F53BC005F4D41 /* InfoPlist.strings in Resources */ = {isa = PBXBuildFile; fileRef = B319B243188F53BC005F4D41 /* InfoPlist.strings */; };
		B319B247188F53BC005F4D41 /* PicturePuzzleTests.m in Sources */ = {isa = PBXBuildFile; fileRef = B319B246188F53BC005F4D41 /* PicturePuzzleTests.m */; };
		B319B252188F5597005F4D41 /* PuzzleViewController.m in Sources */ = {isa = PBXBuildFile; fileRef = B319B251188F5597005F4D41 /* PuzzleViewController.m */; };
		B319B255188F5A12005F4D41 /* start-button.png in Resources */ = {isa = PBXBuildFile; fileRef = B319B254188F5A12005F4D41 /* start-button.png */; };
		B319B257188F8507005F4D41 /* ws_icon_large.png in Resources */ = {isa = PBXBuildFile; fileRef = B319B256188F8507005F4D41 /* ws_icon_large.png */; };
/* End PBXBuildFile section */

/* Begin PBXContainerItemProxy section */
		B319B23E188F53BC005F4D41 /* PBXContainerItemProxy */ = {
			isa = PBXContainerItemProxy;
			containerPortal = B319B210188F53BC005F4D41 /* Project object */;
			proxyType = 1;
			remoteGlobalIDString = B319B217188F53BC005F4D41;
			remoteInfo = PicturePuzzle;
		};
/* End PBXContainerItemProxy section */

/* Begin PBXFileReference section */
		B319B218188F53BC005F4D41 /* PicturePuzzle.app */ = {isa = PBXFileReference; explicitFileType = wrapper.application; includeInIndex = 0; path = PicturePuzzle.app; sourceTree = BUILT_PRODUCTS_DIR; };
		B319B21B188F53BC005F4D41 /* Foundation.framework */ = {isa = PBXFileReference; lastKnownFileType = wrapper.framework; name = Foundation.framework; path = System/Library/Frameworks/Foundation.framework; sourceTree = SDKROOT; };
		B319B21D188F53BC005F4D41 /* CoreGraphics.framework */ = {isa = PBXFileReference; lastKnownFileType = wrapper.framework; name = CoreGraphics.framework; path = System/Library/Frameworks/CoreGraphics.framework; sourceTree = SDKROOT; };
		B319B21F188F53BC005F4D41 /* UIKit.framework */ = {isa = PBXFileReference; lastKnownFileType = wrapper.framework; name = UIKit.framework; path = System/Library/Frameworks/UIKit.framework; sourceTree = SDKROOT; };
		B319B223188F53BC005F4D41 /* PicturePuzzle-Info.plist */ = {isa = PBXFileReference; lastKnownFileType = text.plist.xml; path = "PicturePuzzle-Info.plist"; sourceTree = "<group>"; };
		B319B225188F53BC005F4D41 /* en */ = {isa = PBXFileReference; lastKnownFileType = text.plist.strings; name = en; path = en.lproj/InfoPlist.strings; sourceTree = "<group>"; };
		B319B227188F53BC005F4D41 /* main.m */ = {isa = PBXFileReference; lastKnownFileType = sourcecode.c.objc; path = main.m; sourceTree = "<group>"; };
		B319B229188F53BC005F4D41 /* PicturePuzzle-Prefix.pch */ = {isa = PBXFileReference; lastKnownFileType = sourcecode.c.h; path = "PicturePuzzle-Prefix.pch"; sourceTree = "<group>"; };
		B319B22A188F53BC005F4D41 /* AppDelegate.h */ = {isa = PBXFileReference; lastKnownFileType = sourcecode.c.h; path = AppDelegate.h; sourceTree = "<group>"; };
		B319B22B188F53BC005F4D41 /* AppDelegate.m */ = {isa = PBXFileReference; lastKnownFileType = sourcecode.c.objc; path = AppDelegate.m; sourceTree = "<group>"; };
		B319B22E188F53BC005F4D41 /* Base */ = {isa = PBXFileReference; lastKnownFileType = file.storyboard; name = Base; path = Base.lproj/Main.storyboard; sourceTree = "<group>"; };
		B319B230188F53BC005F4D41 /* ViewController.h */ = {isa = PBXFileReference; lastKnownFileType = sourcecode.c.h; path = ViewController.h; sourceTree = "<group>"; };
		B319B231188F53BC005F4D41 /* ViewController.m */ = {isa = PBXFileReference; lastKnownFileType = sourcecode.c.objc; path = ViewController.m; sourceTree = "<group>"; };
		B319B233188F53BC005F4D41 /* Images.xcassets */ = {isa = PBXFileReference; lastKnownFileType = folder.assetcatalog; path = Images.xcassets; sourceTree = "<group>"; };
		B319B239188F53BC005F4D41 /* PicturePuzzleTests.xctest */ = {isa = PBXFileReference; explicitFileType = wrapper.cfbundle; includeInIndex = 0; path = PicturePuzzleTests.xctest; sourceTree = BUILT_PRODUCTS_DIR; };
		B319B23A188F53BC005F4D41 /* XCTest.framework */ = {isa = PBXFileReference; lastKnownFileType = wrapper.framework; name = XCTest.framework; path = Library/Frameworks/XCTest.framework; sourceTree = DEVELOPER_DIR; };
		B319B242188F53BC005F4D41 /* PicturePuzzleTests-Info.plist */ = {isa = PBXFileReference; lastKnownFileType = text.plist.xml; path = "PicturePuzzleTests-Info.plist"; sourceTree = "<group>"; };
		B319B244188F53BC005F4D41 /* en */ = {isa = PBXFileReference; lastKnownFileType = text.plist.strings; name = en; path = en.lproj/InfoPlist.strings; sourceTree = "<group>"; };
		B319B246188F53BC005F4D41 /* PicturePuzzleTests.m */ = {isa = PBXFileReference; lastKnownFileType = sourcecode.c.objc; path = PicturePuzzleTests.m; sourceTree = "<group>"; };
		B319B250188F5597005F4D41 /* PuzzleViewController.h */ = {isa = PBXFileReference; fileEncoding = 4; lastKnownFileType = sourcecode.c.h; path = PuzzleViewController.h; sourceTree = "<group>"; };
		B319B251188F5597005F4D41 /* PuzzleViewController.m */ = {isa = PBXFileReference; fileEncoding = 4; lastKnownFileType = sourcecode.c.objc; path = PuzzleViewController.m; sourceTree = "<group>"; };
		B319B254188F5A12005F4D41 /* start-button.png */ = {isa = PBXFileReference; lastKnownFileType = image.png; path = "start-button.png"; sourceTree = "<group>"; };
		B319B256188F8507005F4D41 /* ws_icon_large.png */ = {isa = PBXFileReference; lastKnownFileType = image.png; path = ws_icon_large.png; sourceTree = "<group>"; };
/* End PBXFileReference section */

/* Begin PBXFrameworksBuildPhase section */
		B319B215188F53BC005F4D41 /* Frameworks */ = {
			isa = PBXFrameworksBuildPhase;
			buildActionMask = 2147483647;
			files = (
				B319B21E188F53BC005F4D41 /* CoreGraphics.framework in Frameworks */,
				B319B220188F53BC005F4D41 /* UIKit.framework in Frameworks */,
				B319B21C188F53BC005F4D41 /* Foundation.framework in Frameworks */,
			);
			runOnlyForDeploymentPostprocessing = 0;
		};
		B319B236188F53BC005F4D41 /* Frameworks */ = {
			isa = PBXFrameworksBuildPhase;
			buildActionMask = 2147483647;
			files = (
				B319B23B188F53BC005F4D41 /* XCTest.framework in Frameworks */,
				B319B23D188F53BC005F4D41 /* UIKit.framework in Frameworks */,
				B319B23C188F53BC005F4D41 /* Foundation.framework in Frameworks */,
			);
			runOnlyForDeploymentPostprocessing = 0;
		};
/* End PBXFrameworksBuildPhase section */

/* Begin PBXGroup section */
		B319B20F188F53BC005F4D41 = {
			isa = PBXGroup;
			children = (
				B319B221188F53BC005F4D41 /* PicturePuzzle */,
				B319B240188F53BC005F4D41 /* PicturePuzzleTests */,
				B319B21A188F53BC005F4D41 /* Frameworks */,
				B319B219188F53BC005F4D41 /* Products */,
			);
			sourceTree = "<group>";
		};
		B319B219188F53BC005F4D41 /* Products */ = {
			isa = PBXGroup;
			children = (
				B319B218188F53BC005F4D41 /* PicturePuzzle.app */,
				B319B239188F53BC005F4D41 /* PicturePuzzleTests.xctest */,
			);
			name = Products;
			sourceTree = "<group>";
		};
		B319B21A188F53BC005F4D41 /* Frameworks */ = {
			isa = PBXGroup;
			children = (
				B319B21B188F53BC005F4D41 /* Foundation.framework */,
				B319B21D188F53BC005F4D41 /* CoreGraphics.framework */,
				B319B21F188F53BC005F4D41 /* UIKit.framework */,
				B319B23A188F53BC005F4D41 /* XCTest.framework */,
			);
			name = Frameworks;
			sourceTree = "<group>";
		};
		B319B221188F53BC005F4D41 /* PicturePuzzle */ = {
			isa = PBXGroup;
			children = (
				B319B22A188F53BC005F4D41 /* AppDelegate.h */,
				B319B22B188F53BC005F4D41 /* AppDelegate.m */,
				B319B22D188F53BC005F4D41 /* Main.storyboard */,
				B319B230188F53BC005F4D41 /* ViewController.h */,
				B319B231188F53BC005F4D41 /* ViewController.m */,
				B319B250188F5597005F4D41 /* PuzzleViewController.h */,
				B319B251188F5597005F4D41 /* PuzzleViewController.m */,
				B319B233188F53BC005F4D41 /* Images.xcassets */,
				B319B222188F53BC005F4D41 /* Supporting Files */,
			);
			path = PicturePuzzle;
			sourceTree = "<group>";
		};
		B319B222188F53BC005F4D41 /* Supporting Files */ = {
			isa = PBXGroup;
			children = (
				B319B253188F59EA005F4D41 /* Images */,
				B319B223188F53BC005F4D41 /* PicturePuzzle-Info.plist */,
				B319B224188F53BC005F4D41 /* InfoPlist.strings */,
				B319B227188F53BC005F4D41 /* main.m */,
				B319B229188F53BC005F4D41 /* PicturePuzzle-Prefix.pch */,
			);
			name = "Supporting Files";
			sourceTree = "<group>";
		};
		B319B240188F53BC005F4D41 /* PicturePuzzleTests */ = {
			isa = PBXGroup;
			children = (
				B319B246188F53BC005F4D41 /* PicturePuzzleTests.m */,
				B319B241188F53BC005F4D41 /* Supporting Files */,
			);
			path = PicturePuzzleTests;
			sourceTree = "<group>";
		};
		B319B241188F53BC005F4D41 /* Supporting Files */ = {
			isa = PBXGroup;
			children = (
				B319B242188F53BC005F4D41 /* PicturePuzzleTests-Info.plist */,
				B319B243188F53BC005F4D41 /* InfoPlist.strings */,
			);
			name = "Supporting Files";
			sourceTree = "<group>";
		};
		B319B253188F59EA005F4D41 /* Images */ = {
			isa = PBXGroup;
			children = (
				B319B256188F8507005F4D41 /* ws_icon_large.png */,
				B319B254188F5A12005F4D41 /* start-button.png */,
			);
			name = Images;
			sourceTree = "<group>";
		};
/* End PBXGroup section */

/* Begin PBXNativeTarget section */
		B319B217188F53BC005F4D41 /* PicturePuzzle */ = {
			isa = PBXNativeTarget;
			buildConfigurationList = B319B24A188F53BC005F4D41 /* Build configuration list for PBXNativeTarget "PicturePuzzle" */;
			buildPhases = (
				B319B214188F53BC005F4D41 /* Sources */,
				B319B215188F53BC005F4D41 /* Frameworks */,
				B319B216188F53BC005F4D41 /* Resources */,
			);
			buildRules = (
			);
			dependencies = (
			);
			name = PicturePuzzle;
			productName = PicturePuzzle;
			productReference = B319B218188F53BC005F4D41 /* PicturePuzzle.app */;
			productType = "com.apple.product-type.application";
		};
		B319B238188F53BC005F4D41 /* PicturePuzzleTests */ = {
			isa = PBXNativeTarget;
			buildConfigurationList = B319B24D188F53BC005F4D41 /* Build configuration list for PBXNativeTarget "PicturePuzzleTests" */;
			buildPhases = (
				B319B235188F53BC005F4D41 /* Sources */,
				B319B236188F53BC005F4D41 /* Frameworks */,
				B319B237188F53BC005F4D41 /* Resources */,
			);
			buildRules = (
			);
			dependencies = (
				B319B23F188F53BC005F4D41 /* PBXTargetDependency */,
			);
			name = PicturePuzzleTests;
			productName = PicturePuzzleTests;
			productReference = B319B239188F53BC005F4D41 /* PicturePuzzleTests.xctest */;
			productType = "com.apple.product-type.bundle.unit-test";
		};
/* End PBXNativeTarget section */

/* Begin PBXProject section */
		B319B210188F53BC005F4D41 /* Project object */ = {
			isa = PBXProject;
			attributes = {
				LastUpgradeCheck = 0500;
				ORGANIZATIONNAME = T;
				TargetAttributes = {
					B319B238188F53BC005F4D41 = {
						TestTargetID = B319B217188F53BC005F4D41;
					};
				};
			};
			buildConfigurationList = B319B213188F53BC005F4D41 /* Build configuration list for PBXProject "PicturePuzzle" */;
			compatibilityVersion = "Xcode 3.2";
			developmentRegion = English;
			hasScannedForEncodings = 0;
			knownRegions = (
				en,
				Base,
			);
			mainGroup = B319B20F188F53BC005F4D41;
			productRefGroup = B319B219188F53BC005F4D41 /* Products */;
			projectDirPath = "";
			projectRoot = "";
			targets = (
				B319B217188F53BC005F4D41 /* PicturePuzzle */,
				B319B238188F53BC005F4D41 /* PicturePuzzleTests */,
			);
		};
/* End PBXProject section */

/* Begin PBXResourcesBuildPhase section */
		B319B216188F53BC005F4D41 /* Resources */ = {
			isa = PBXResourcesBuildPhase;
			buildActionMask = 2147483647;
			files = (
				B319B257188F8507005F4D41 /* ws_icon_large.png in Resources */,
				B319B234188F53BC005F4D41 /* Images.xcassets in Resources */,
				B319B226188F53BC005F4D41 /* InfoPlist.strings in Resources */,
				B319B255188F5A12005F4D41 /* start-button.png in Resources */,
				B319B22F188F53BC005F4D41 /* Main.storyboard in Resources */,
			);
			runOnlyForDeploymentPostprocessing = 0;
		};
		B319B237188F53BC005F4D41 /* Resources */ = {
			isa = PBXResourcesBuildPhase;
			buildActionMask = 2147483647;
			files = (
				B319B245188F53BC005F4D41 /* InfoPlist.strings in Resources */,
			);
			runOnlyForDeploymentPostprocessing = 0;
		};
/* End PBXResourcesBuildPhase section */

/* Begin PBXSourcesBuildPhase section */
		B319B214188F53BC005F4D41 /* Sources */ = {
			isa = PBXSourcesBuildPhase;
			buildActionMask = 2147483647;
			files = (
				B319B232188F53BC005F4D41 /* ViewController.m in Sources */,
				B319B22C188F53BC005F4D41 /* AppDelegate.m in Sources */,
				B319B252188F5597005F4D41 /* PuzzleViewController.m in Sources */,
				B319B228188F53BC005F4D41 /* main.m in Sources */,
			);
			runOnlyForDeploymentPostprocessing = 0;
		};
		B319B235188F53BC005F4D41 /* Sources */ = {
			isa = PBXSourcesBuildPhase;
			buildActionMask = 2147483647;
			files = (
				B319B247188F53BC005F4D41 /* PicturePuzzleTests.m in Sources */,
			);
			runOnlyForDeploymentPostprocessing = 0;
		};
/* End PBXSourcesBuildPhase section */

/* Begin PBXTargetDependency section */
		B319B23F188F53BC005F4D41 /* PBXTargetDependency */ = {
			isa = PBXTargetDependency;
			target = B319B217188F53BC005F4D41 /* PicturePuzzle */;
			targetProxy = B319B23E188F53BC005F4D41 /* PBXContainerItemProxy */;
		};
/* End PBXTargetDependency section */

/* Begin PBXVariantGroup section */
		B319B224188F53BC005F4D41 /* InfoPlist.strings */ = {
			isa = PBXVariantGroup;
			children = (
				B319B225188F53BC005F4D41 /* en */,
			);
			name = InfoPlist.strings;
			sourceTree = "<group>";
		};
		B319B22D188F53BC005F4D41 /* Main.storyboard */ = {
			isa = PBXVariantGroup;
			children = (
				B319B22E188F53BC005F4D41 /* Base */,
			);
			name = Main.storyboard;
			sourceTree = "<group>";
		};
		B319B243188F53BC005F4D41 /* InfoPlist.strings */ = {
			isa = PBXVariantGroup;
			children = (
				B319B244188F53BC005F4D41 /* en */,
			);
			name = InfoPlist.strings;
			sourceTree = "<group>";
		};
/* End PBXVariantGroup section */

/* Begin XCBuildConfiguration section */
		B319B248188F53BC005F4D41 /* Debug */ = {
			isa = XCBuildConfiguration;
			buildSettings = {
				ALWAYS_SEARCH_USER_PATHS = NO;
				ARCHS = "$(ARCHS_STANDARD_INCLUDING_64_BIT)";
				CLANG_CXX_LANGUAGE_STANDARD = "gnu++0x";
				CLANG_CXX_LIBRARY = "libc++";
				CLANG_ENABLE_MODULES = YES;
				CLANG_ENABLE_OBJC_ARC = YES;
				CLANG_WARN_BOOL_CONVERSION = YES;
				CLANG_WARN_CONSTANT_CONVERSION = YES;
				CLANG_WARN_DIRECT_OBJC_ISA_USAGE = YES_ERROR;
				CLANG_WARN_EMPTY_BODY = YES;
				CLANG_WARN_ENUM_CONVERSION = YES;
				CLANG_WARN_INT_CONVERSION = YES;
				CLANG_WARN_OBJC_ROOT_CLASS = YES_ERROR;
				CLANG_WARN__DUPLICATE_METHOD_MATCH = YES;
				"CODE_SIGN_IDENTITY[sdk=iphoneos*]" = "iPhone Developer";
				COPY_PHASE_STRIP = NO;
				GCC_C_LANGUAGE_STANDARD = gnu99;
				GCC_DYNAMIC_NO_PIC = NO;
				GCC_OPTIMIZATION_LEVEL = 0;
				GCC_PREPROCESSOR_DEFINITIONS = (
					"DEBUG=1",
					"$(inherited)",
				);
				GCC_SYMBOLS_PRIVATE_EXTERN = NO;
				GCC_WARN_64_TO_32_BIT_CONVERSION = YES;
				GCC_WARN_ABOUT_RETURN_TYPE = YES_ERROR;
				GCC_WARN_UNDECLARED_SELECTOR = YES;
				GCC_WARN_UNINITIALIZED_AUTOS = YES;
				GCC_WARN_UNUSED_FUNCTION = YES;
				GCC_WARN_UNUSED_VARIABLE = YES;
				IPHONEOS_DEPLOYMENT_TARGET = 7.0;
				ONLY_ACTIVE_ARCH = YES;
				SDKROOT = iphoneos;
			};
			name = Debug;
		};
		B319B249188F53BC005F4D41 /* Release */ = {
			isa = XCBuildConfiguration;
			buildSettings = {
				ALWAYS_SEARCH_USER_PATHS = NO;
				ARCHS = "$(ARCHS_STANDARD_INCLUDING_64_BIT)";
				CLANG_CXX_LANGUAGE_STANDARD = "gnu++0x";
				CLANG_CXX_LIBRARY = "libc++";
				CLANG_ENABLE_MODULES = YES;
				CLANG_ENABLE_OBJC_ARC = YES;
				CLANG_WARN_BOOL_CONVERSION = YES;
				CLANG_WARN_CONSTANT_CONVERSION = YES;
				CLANG_WARN_DIRECT_OBJC_ISA_USAGE = YES_ERROR;
				CLANG_WARN_EMPTY_BODY = YES;
				CLANG_WARN_ENUM_CONVERSION = YES;
				CLANG_WARN_INT_CONVERSION = YES;
				CLANG_WARN_OBJC_ROOT_CLASS = YES_ERROR;
				CLANG_WARN__DUPLICATE_METHOD_MATCH = YES;
				"CODE_SIGN_IDENTITY[sdk=iphoneos*]" = "iPhone Developer";
				COPY_PHASE_STRIP = YES;
				ENABLE_NS_ASSERTIONS = NO;
				GCC_C_LANGUAGE_STANDARD = gnu99;
				GCC_WARN_64_TO_32_BIT_CONVERSION = YES;
				GCC_WARN_ABOUT_RETURN_TYPE = YES_ERROR;
				GCC_WARN_UNDECLARED_SELECTOR = YES;
				GCC_WARN_UNINITIALIZED_AUTOS = YES;
				GCC_WARN_UNUSED_FUNCTION = YES;
				GCC_WARN_UNUSED_VARIABLE = YES;
				IPHONEOS_DEPLOYMENT_TARGET = 7.0;
				SDKROOT = iphoneos;
				VALIDATE_PRODUCT = YES;
			};
			name = Release;
		};
		B319B24B188F53BC005F4D41 /* Debug */ = {
			isa = XCBuildConfiguration;
			buildSettings = {
				ASSETCATALOG_COMPILER_APPICON_NAME = AppIcon;
				ASSETCATALOG_COMPILER_LAUNCHIMAGE_NAME = LaunchImage;
				GCC_PRECOMPILE_PREFIX_HEADER = YES;
				GCC_PREFIX_HEADER = "PicturePuzzle/PicturePuzzle-Prefix.pch";
				INFOPLIST_FILE = "PicturePuzzle/PicturePuzzle-Info.plist";
				PRODUCT_NAME = "$(TARGET_NAME)";
				WRAPPER_EXTENSION = app;
			};
			name = Debug;
		};
		B319B24C188F53BC005F4D41 /* Release */ = {
			isa = XCBuildConfiguration;
			buildSettings = {
				ASSETCATALOG_COMPILER_APPICON_NAME = AppIcon;
				ASSETCATALOG_COMPILER_LAUNCHIMAGE_NAME = LaunchImage;
				GCC_PRECOMPILE_PREFIX_HEADER = YES;
				GCC_PREFIX_HEADER = "PicturePuzzle/PicturePuzzle-Prefix.pch";
				INFOPLIST_FILE = "PicturePuzzle/PicturePuzzle-Info.plist";
				PRODUCT_NAME = "$(TARGET_NAME)";
				WRAPPER_EXTENSION = app;
			};
			name = Release;
		};
		B319B24E188F53BC005F4D41 /* Debug */ = {
			isa = XCBuildConfiguration;
			buildSettings = {
				ARCHS = "$(ARCHS_STANDARD_INCLUDING_64_BIT)";
				BUNDLE_LOADER = "$(BUILT_PRODUCTS_DIR)/PicturePuzzle.app/PicturePuzzle";
				FRAMEWORK_SEARCH_PATHS = (
					"$(SDKROOT)/Developer/Library/Frameworks",
					"$(inherited)",
					"$(DEVELOPER_FRAMEWORKS_DIR)",
				);
				GCC_PRECOMPILE_PREFIX_HEADER = YES;
				GCC_PREFIX_HEADER = "PicturePuzzle/PicturePuzzle-Prefix.pch";
				GCC_PREPROCESSOR_DEFINITIONS = (
					"DEBUG=1",
					"$(inherited)",
				);
				INFOPLIST_FILE = "PicturePuzzleTests/PicturePuzzleTests-Info.plist";
				PRODUCT_NAME = "$(TARGET_NAME)";
				TEST_HOST = "$(BUNDLE_LOADER)";
				WRAPPER_EXTENSION = xctest;
			};
			name = Debug;
		};
		B319B24F188F53BC005F4D41 /* Release */ = {
			isa = XCBuildConfiguration;
			buildSettings = {
				ARCHS = "$(ARCHS_STANDARD_INCLUDING_64_BIT)";
				BUNDLE_LOADER = "$(BUILT_PRODUCTS_DIR)/PicturePuzzle.app/PicturePuzzle";
				FRAMEWORK_SEARCH_PATHS = (
					"$(SDKROOT)/Developer/Library/Frameworks",
					"$(inherited)",
					"$(DEVELOPER_FRAMEWORKS_DIR)",
				);
				GCC_PRECOMPILE_PREFIX_HEADER = YES;
				GCC_PREFIX_HEADER = "PicturePuzzle/PicturePuzzle-Prefix.pch";
				INFOPLIST_FILE = "PicturePuzzleTests/PicturePuzzleTests-Info.plist";
				PRODUCT_NAME = "$(TARGET_NAME)";
				TEST_HOST = "$(BUNDLE_LOADER)";
				WRAPPER_EXTENSION = xctest;
			};
			name = Release;
		};
/* End XCBuildConfiguration section */

/* Begin XCConfigurationList section */
		B319B213188F53BC005F4D41 /* Build configuration list for PBXProject "PicturePuzzle" */ = {
			isa = XCConfigurationList;
			buildConfigurations = (
				B319B248188F53BC005F4D41 /* Debug */,
				B319B249188F53BC005F4D41 /* Release */,
			);
			defaultConfigurationIsVisible = 0;
			defaultConfigurationName = Release;
		};
		B319B24A188F53BC005F4D41 /* Build configuration list for PBXNativeTarget "PicturePuzzle" */ = {
			isa = XCConfigurationList;
			buildConfigurations = (
				B319B24B188F53BC005F4D41 /* Debug */,
				B319B24C188F53BC005F4D41 /* Release */,
			);
			defaultConfigurationIsVisible = 0;
		};
		B319B24D188F53BC005F4D41 /* Build configuration list for PBXNativeTarget "PicturePuzzleTests" */ = {
			isa = XCConfigurationList;
			buildConfigurations = (
				B319B24E188F53BC005F4D41 /* Debug */,
				B319B24F188F53BC005F4D41 /* Release */,
			);
			defaultConfigurationIsVisible = 0;
		};
/* End XCConfigurationList section */
	};
	rootObject = B319B210188F53BC005F4D41 /* Project object */;
}
